
Microsoft Visual Studio Solution File, Format Version 12.00
# Visual Studio Version 17
VisualStudioVersion = 17.2.32505.173
MinimumVisualStudioVersion = 10.0.40219.1
Project("{888888A0-9F3D-457C-B088-3A5042F75D52}") = "Versiebeheer.Simulator", "Versiebeheer.Simulator.pyproj", "{A00FA148-8F87-4637-AEA6-1A4774DE7551}"
EndProject
Project("{2150E333-8FDC-42A3-9474-1A3956D46DE8}") = "Solution Items", "Solution Items", "{ED6D49FC-DEED-4C0B-A2AC-4636EFBDB3D7}"
	ProjectSection(SolutionItems) = preProject
		..\README.md = ..\README.md
		Versiebeheer.Simulator.sln.vsspell = Versiebeheer.Simulator.sln.vsspell
	EndProjectSection
EndProject
Project("{2150E333-8FDC-42A3-9474-1A3956D46DE8}") = "uitleveren", "uitleveren", "{AC303DEE-C03D-4BF4-AF61-337A7FF23C49}"
	ProjectSection(SolutionItems) = preProject
		uitleveren\configuratie.json = uitleveren\configuratie.json
		uitleveren\publiceer.bat = uitleveren\publiceer.bat
		uitleveren\publiceer_git.bat = uitleveren\publiceer_git.bat
		uitleveren\README.md = uitleveren\README.md
	EndProjectSection
EndProject
Project("{2150E333-8FDC-42A3-9474-1A3956D46DE8}") = "download", "download", "{86A9BB6F-E055-4705-B124-85EB0EF6DA83}"
	ProjectSection(SolutionItems) = preProject
		uitleveren\download\LEESMIJ.txt = uitleveren\download\LEESMIJ.txt
		uitleveren\download\voer_simulator_uit_voor_mijn_voorbeelden.bat = uitleveren\download\voer_simulator_uit_voor_mijn_voorbeelden.bat
		uitleveren\download\voer_simulator_uit_voor_mijn_voorbeelden.sh = uitleveren\download\voer_simulator_uit_voor_mijn_voorbeelden.sh
	EndProjectSection
EndProject
Project("{888888A0-9F3D-457C-B088-3A5042F75D52}") = "Versiebeheer.Simulator.Web", "simulator\Versiebeheer.Simulator.Web.pyproj", "{B77CD3E4-97F9-464E-B516-0DB5201E9C81}"
EndProject
Global
	GlobalSection(SolutionConfigurationPlatforms) = preSolution
		Debug|Any CPU = Debug|Any CPU
		Release|Any CPU = Release|Any CPU
	EndGlobalSection
	GlobalSection(ProjectConfigurationPlatforms) = postSolution
		{A00FA148-8F87-4637-AEA6-1A4774DE7551}.Debug|Any CPU.ActiveCfg = Debug|Any CPU
		{A00FA148-8F87-4637-AEA6-1A4774DE7551}.Release|Any CPU.ActiveCfg = Release|Any CPU
		{B77CD3E4-97F9-464E-B516-0DB5201E9C81}.Debug|Any CPU.ActiveCfg = Debug|Any CPU
		{B77CD3E4-97F9-464E-B516-0DB5201E9C81}.Debug|Any CPU.Build.0 = Debug|Any CPU
		{B77CD3E4-97F9-464E-B516-0DB5201E9C81}.Release|Any CPU.ActiveCfg = Release|Any CPU
		{B77CD3E4-97F9-464E-B516-0DB5201E9C81}.Release|Any CPU.Build.0 = Release|Any CPU
	EndGlobalSection
	GlobalSection(SolutionProperties) = preSolution
		HideSolutionNode = FALSE
	EndGlobalSection
	GlobalSection(NestedProjects) = preSolution
		{AC303DEE-C03D-4BF4-AF61-337A7FF23C49} = {ED6D49FC-DEED-4C0B-A2AC-4636EFBDB3D7}
		{86A9BB6F-E055-4705-B124-85EB0EF6DA83} = {AC303DEE-C03D-4BF4-AF61-337A7FF23C49}
	EndGlobalSection
	GlobalSection(ExtensibilityGlobals) = postSolution
		SolutionGuid = {421E6513-4800-4E5F-9647-785F5C633E35}
	EndGlobalSection
EndGlobal
